
Microsoft Visual Studio Solution File, Format Version 12.00
# Visual Studio Version 17
VisualStudioVersion = 17.5.002.0
MinimumVisualStudioVersion = 10.0.40219.1
Project("{9A19103F-16F7-4668-BE54-9A1E7A4F7556}") = "CPT", "CPT\CPT.csproj", "{950C6848-11A3-4608-8AE1-713871DA4269}"
EndProject
Global
	GlobalSection(SolutionConfigurationPlatforms) = preSolution
		Debug|Any CPU = Debug|Any CPU
		Release|Any CPU = Release|Any CPU
	EndGlobalSection
	GlobalSection(ProjectConfigurationPlatforms) = postSolution
		{950C6848-11A3-4608-8AE1-713871DA4269}.Debug|Any CPU.ActiveCfg = Debug|Any CPU
		{950C6848-11A3-4608-8AE1-713871DA4269}.Debug|Any CPU.Build.0 = Debug|Any CPU
		{950C6848-11A3-4608-8AE1-713871DA4269}.Release|Any CPU.ActiveCfg = Release|Any CPU
		{950C6848-11A3-4608-8AE1-713871DA4269}.Release|Any CPU.Build.0 = Release|Any CPU
	EndGlobalSection
	GlobalSection(SolutionProperties) = preSolution
		HideSolutionNode = FALSE
	EndGlobalSection
	GlobalSection(ExtensibilityGlobals) = postSolution
		SolutionGuid = {99E9272C-8B2B-4048-B987-DBF39D11050A}
	EndGlobalSection
EndGlobal
